
Microsoft Visual Studio Solution File, Format Version 12.00
# Visual Studio Version 17
VisualStudioVersion = 17.9.34714.143
MinimumVisualStudioVersion = 10.0.40219.1
Project("{FAE04EC0-301F-11D3-BF4B-00C04F79EFBC}") = "CIoTD", "CIoTD\CIoTD.csproj", "{017C5BD0-41CF-4E39-A8E5-5513E1E5FC4F}"
EndProject
Global
	GlobalSection(SolutionConfigurationPlatforms) = preSolution
		Debug|Any CPU = Debug|Any CPU
		Release|Any CPU = Release|Any CPU
	EndGlobalSection
	GlobalSection(ProjectConfigurationPlatforms) = postSolution
		{017C5BD0-41CF-4E39-A8E5-5513E1E5FC4F}.Debug|Any CPU.ActiveCfg = Debug|Any CPU
		{017C5BD0-41CF-4E39-A8E5-5513E1E5FC4F}.Debug|Any CPU.Build.0 = Debug|Any CPU
		{017C5BD0-41CF-4E39-A8E5-5513E1E5FC4F}.Release|Any CPU.ActiveCfg = Release|Any CPU
		{017C5BD0-41CF-4E39-A8E5-5513E1E5FC4F}.Release|Any CPU.Build.0 = Release|Any CPU
	EndGlobalSection
	GlobalSection(SolutionProperties) = preSolution
		HideSolutionNode = FALSE
	EndGlobalSection
	GlobalSection(ExtensibilityGlobals) = postSolution
		SolutionGuid = {DF5B8770-0A97-4145-BF5C-BB4835239E03}
	EndGlobalSection
EndGlobal
